
Microsoft Visual Studio Solution File, Format Version 12.00
# Visual Studio Version 16
VisualStudioVersion = 16.0.31424.327
MinimumVisualStudioVersion = 10.0.40219.1
Project("{9A19103F-16F7-4668-BE54-9A1E7A4F7556}") = "MagazynEdu", "MagazynEdu\MagazynEdu.csproj", "{0B94AD89-CA1E-4F71-A3CE-2D0E686CDDEA}"
EndProject
Project("{9A19103F-16F7-4668-BE54-9A1E7A4F7556}") = "MagazynEdu.DataAccess", "MagazynEdu.DataAccess\MagazynEdu.DataAccess.csproj", "{7B6C4685-E393-4395-AFF3-76DCB1FD200F}"
EndProject
Project("{FAE04EC0-301F-11D3-BF4B-00C04F79EFBC}") = "MagazynEdu.ApplicationServices", "MagazynEdu.ApplicationServices\MagazynEdu.ApplicationServices.csproj", "{61B98D94-FC67-4ECF-B61D-9A1DC5A936CB}"
EndProject
Global
	GlobalSection(SolutionConfigurationPlatforms) = preSolution
		Debug|Any CPU = Debug|Any CPU
		Release|Any CPU = Release|Any CPU
	EndGlobalSection
	GlobalSection(ProjectConfigurationPlatforms) = postSolution
		{0B94AD89-CA1E-4F71-A3CE-2D0E686CDDEA}.Debug|Any CPU.ActiveCfg = Debug|Any CPU
		{0B94AD89-CA1E-4F71-A3CE-2D0E686CDDEA}.Debug|Any CPU.Build.0 = Debug|Any CPU
		{0B94AD89-CA1E-4F71-A3CE-2D0E686CDDEA}.Release|Any CPU.ActiveCfg = Release|Any CPU
		{0B94AD89-CA1E-4F71-A3CE-2D0E686CDDEA}.Release|Any CPU.Build.0 = Release|Any CPU
		{7B6C4685-E393-4395-AFF3-76DCB1FD200F}.Debug|Any CPU.ActiveCfg = Debug|Any CPU
		{7B6C4685-E393-4395-AFF3-76DCB1FD200F}.Debug|Any CPU.Build.0 = Debug|Any CPU
		{7B6C4685-E393-4395-AFF3-76DCB1FD200F}.Release|Any CPU.ActiveCfg = Release|Any CPU
		{7B6C4685-E393-4395-AFF3-76DCB1FD200F}.Release|Any CPU.Build.0 = Release|Any CPU
		{61B98D94-FC67-4ECF-B61D-9A1DC5A936CB}.Debug|Any CPU.ActiveCfg = Debug|Any CPU
		{61B98D94-FC67-4ECF-B61D-9A1DC5A936CB}.Debug|Any CPU.Build.0 = Debug|Any CPU
		{61B98D94-FC67-4ECF-B61D-9A1DC5A936CB}.Release|Any CPU.ActiveCfg = Release|Any CPU
		{61B98D94-FC67-4ECF-B61D-9A1DC5A936CB}.Release|Any CPU.Build.0 = Release|Any CPU
	EndGlobalSection
	GlobalSection(SolutionProperties) = preSolution
		HideSolutionNode = FALSE
	EndGlobalSection
	GlobalSection(ExtensibilityGlobals) = postSolution
		SolutionGuid = {356C3A3F-11CB-470E-BC17-0A3361DFB3B3}
	EndGlobalSection
EndGlobal
